<?xml version="1.0" encoding="utf-8"?>
<Project ToolsVersion="4.0" xmlns="http://schemas.microsoft.com/developer/msbuild/2003">
  <ItemGroup>
    <Filter Include="Source Files">
      <UniqueIdentifier>{4FC737F1-C7A5-4376-A066-2A32D752A2FF}</UniqueIdentifier>
      <Extensions>cpp;c;cc;cxx;c++;cppm;ixx;def;odl;idl;hpj;bat;asm;asmx</Extensions>
    </Filter>
    <Filter Include="Header Files">
      <UniqueIdentifier>{93995380-89BD-4b04-88EB-625FBE52EBFB}</UniqueIdentifier>
      <Extensions>h;hh;hpp;hxx;h++;hm;inl;inc;ipp;xsd</Extensions>
    </Filter>
    <Filter Include="Resource Files">
      <UniqueIdentifier>{67DA6AB6-F800-4c08-8B7A-83BB121AAD01}</UniqueIdentifier>
      <Extensions>rc;ico;cur;bmp;dlg;rc2;rct;bin;rgs;gif;jpg;jpeg;jpe;resx;tiff;tif;png;wav;mfcribbon-ms</Extensions>
    </Filter>
  </ItemGroup>
  <ItemGroup>
    <ClInclude Include="framework.h">
      <Filter>Header Files</Filter>
    </ClInclude>
    <ClInclude Include="pch.h">
      <Filter>Header Files</Filter>
    </ClInclude>
    <ClInclude Include="include\kazilib\arg_parser.h">
      <Filter>Header Files</Filter>
    </ClInclude>
    <ClInclude Include="include\kazilib\auth.h">
      <Filter>Header Files</Filter>
    </ClInclude>
    <ClInclude Include="include\kazilib\broadcaster.h">
      <Filter>Header Files</Filter>
    </ClInclude>
    <ClInclude Include="include\kazilib\container.h">
      <Filter>Header Files</Filter>
    </ClInclude>
    <ClInclude Include="include\kazilib\file.h">
      <Filter>Header Files</Filter>
    </ClInclude>
    <ClInclude Include="include\kazilib\kazilib.h">
      <Filter>Header Files</Filter>
    </ClInclude>
    <ClInclude Include="include\kazilib\log.h">
      <Filter>Header Files</Filter>
    </ClInclude>
    <ClInclude Include="include\kazilib\magic_enum.h">
      <Filter>Header Files</Filter>
    </ClInclude>
    <ClInclude Include="include\kazilib\net.h">
      <Filter>Header Files</Filter>
    </ClInclude>
    <ClInclude Include="include\kazilib\os.h">
      <Filter>Header Files</Filter>
    </ClInclude>
    <ClInclude Include="include\kazilib\packet.h">
      <Filter>Header Files</Filter>
    </ClInclude>
    <ClInclude Include="include\kazilib\process.h">
      <Filter>Header Files</Filter>
    </ClInclude>
    <ClInclude Include="include\kazilib\random.h">
      <Filter>Header Files</Filter>
    </ClInclude>
    <ClInclude Include="include\kazilib\rang.hpp">
      <Filter>Header Files</Filter>
    </ClInclude>
    <ClInclude Include="include\kazilib\scenes.h">
      <Filter>Header Files</Filter>
    </ClInclude>
    <ClInclude Include="include\kazilib\socket.h">
      <Filter>Header Files</Filter>
    </ClInclude>
    <ClInclude Include="include\kazilib\ntime.h">
      <Filter>Header Files</Filter>
    </ClInclude>
    <ClInclude Include="include\kazilib\types.h">
      <Filter>Header Files</Filter>
    </ClInclude>
    <ClInclude Include="include\kazilib\imgui\imconfig.h">
      <Filter>Header Files</Filter>
    </ClInclude>
    <ClInclude Include="include\kazilib\imgui\imgui.h">
      <Filter>Header Files</Filter>
    </ClInclude>
    <ClInclude Include="include\kazilib\imgui\imgui_internal.h">
      <Filter>Header Files</Filter>
    </ClInclude>
    <ClInclude Include="include\kazilib\imgui\imgui-SFML.h">
      <Filter>Header Files</Filter>
    </ClInclude>
    <ClInclude Include="include\kazilib\imgui\imgui-SFML_export.h">
      <Filter>Header Files</Filter>
    </ClInclude>
    <ClInclude Include="include\kazilib\imgui\imstb_rectpack.h">
      <Filter>Header Files</Filter>
    </ClInclude>
    <ClInclude Include="include\kazilib\imgui\imstb_textedit.h">
      <Filter>Header Files</Filter>
    </ClInclude>
    <ClInclude Include="include\kazilib\imgui\imstb_truetype.h">
      <Filter>Header Files</Filter>
    </ClInclude>
  </ItemGroup>
  <ItemGroup>
    <ClCompile Include="source\arg_parser.cpp">
      <Filter>Source Files</Filter>
    </ClCompile>
    <ClCompile Include="source\auth.cpp">
      <Filter>Source Files</Filter>
    </ClCompile>
    <ClCompile Include="source\container.cpp">
      <Filter>Source Files</Filter>
    </ClCompile>
    <ClCompile Include="source\file.cpp">
      <Filter>Source Files</Filter>
    </ClCompile>
    <ClCompile Include="source\log.cpp">
      <Filter>Source Files</Filter>
    </ClCompile>
    <ClCompile Include="source\net.cpp">
      <Filter>Source Files</Filter>
    </ClCompile>
    <ClCompile Include="source\os.cpp">
      <Filter>Source Files</Filter>
    </ClCompile>
    <ClCompile Include="source\packet.cpp">
      <Filter>Source Files</Filter>
    </ClCompile>
    <ClCompile Include="source\process.cpp">
      <Filter>Source Files</Filter>
    </ClCompile>
    <ClCompile Include="source\random.cpp">
      <Filter>Source Files</Filter>
    </ClCompile>
    <ClCompile Include="source\scenes.cpp">
      <Filter>Source Files</Filter>
    </ClCompile>
    <ClCompile Include="source\socket.cpp">
      <Filter>Source Files</Filter>
    </ClCompile>
    <ClCompile Include="source\ntime.cpp">
      <Filter>Source Files</Filter>
    </ClCompile>
    <ClCompile Include="pch.cpp">
      <Filter>Source Files</Filter>
    </ClCompile>
    <ClCompile Include="source\kazilib.cpp">
      <Filter>Source Files</Filter>
    </ClCompile>
    <ClCompile Include="include\kazilib\imgui\imgui.cpp">
      <Filter>Source Files</Filter>
    </ClCompile>
    <ClCompile Include="include\kazilib\imgui\imgui_demo.cpp">
      <Filter>Source Files</Filter>
    </ClCompile>
    <ClCompile Include="include\kazilib\imgui\imgui_draw.cpp">
      <Filter>Source Files</Filter>
    </ClCompile>
    <ClCompile Include="include\kazilib\imgui\imgui_tables.cpp">
      <Filter>Source Files</Filter>
    </ClCompile>
    <ClCompile Include="include\kazilib\imgui\imgui_widgets.cpp">
      <Filter>Source Files</Filter>
    </ClCompile>
    <ClCompile Include="include\kazilib\imgui\imgui-SFML.cpp">
      <Filter>Source Files</Filter>
    </ClCompile>
  </ItemGroup>
</Project>